
Microsoft Visual Studio Solution File, Format Version 12.00
# Visual Studio Version 17
VisualStudioVersion = 17.3.32922.545
MinimumVisualStudioVersion = 10.0.40219.1
Project("{FAE04EC0-301F-11D3-BF4B-00C04F79EFBC}") = "Move a single image using paint MOO ICT", "Move a single image using paint MOO ICT\Move a single image using paint MOO ICT.csproj", "{B2412E2A-005E-4E2F-BC52-ED50B8883F50}"
EndProject
Global
	GlobalSection(SolutionConfigurationPlatforms) = preSolution
		Debug|Any CPU = Debug|Any CPU
		Release|Any CPU = Release|Any CPU
	EndGlobalSection
	GlobalSection(ProjectConfigurationPlatforms) = postSolution
		{B2412E2A-005E-4E2F-BC52-ED50B8883F50}.Debug|Any CPU.ActiveCfg = Debug|Any CPU
		{B2412E2A-005E-4E2F-BC52-ED50B8883F50}.Debug|Any CPU.Build.0 = Debug|Any CPU
		{B2412E2A-005E-4E2F-BC52-ED50B8883F50}.Release|Any CPU.ActiveCfg = Release|Any CPU
		{B2412E2A-005E-4E2F-BC52-ED50B8883F50}.Release|Any CPU.Build.0 = Release|Any CPU
	EndGlobalSection
	GlobalSection(SolutionProperties) = preSolution
		HideSolutionNode = FALSE
	EndGlobalSection
	GlobalSection(ExtensibilityGlobals) = postSolution
		SolutionGuid = {8045DF0F-ACA9-4784-BA25-3062211FED8F}
	EndGlobalSection
EndGlobal
